<?xml version="1.0" encoding="utf-8"?>
<Project ToolsVersion="4.0" xmlns="http://schemas.microsoft.com/developer/msbuild/2003">
  <ItemGroup>
    <Filter Include="源文件">
      <UniqueIdentifier>{4FC737F1-C7A5-4376-A066-2A32D752A2FF}</UniqueIdentifier>
      <Extensions>cpp;c;cc;cxx;c++;cppm;ixx;def;odl;idl;hpj;bat;asm;asmx</Extensions>
    </Filter>
    <Filter Include="头文件">
      <UniqueIdentifier>{93995380-89BD-4b04-88EB-625FBE52EBFB}</UniqueIdentifier>
      <Extensions>h;hh;hpp;hxx;h++;hm;inl;inc;ipp;xsd</Extensions>
    </Filter>
    <Filter Include="资源文件">
      <UniqueIdentifier>{67DA6AB6-F800-4c08-8B7A-83BB121AAD01}</UniqueIdentifier>
      <Extensions>rc;ico;cur;bmp;dlg;rc2;rct;bin;rgs;gif;jpg;jpeg;jpe;resx;tiff;tif;png;wav;mfcribbon-ms</Extensions>
    </Filter>
    <Filter Include="base">
      <UniqueIdentifier>{84f7f6d4-e556-467d-9047-59af789b798d}</UniqueIdentifier>
    </Filter>
    <Filter Include="editor">
      <UniqueIdentifier>{18421959-5ed7-4381-8ccc-ac3226c37292}</UniqueIdentifier>
    </Filter>
  </ItemGroup>
  <ItemGroup>
    <ClInclude Include="framework.h">
      <Filter>头文件</Filter>
    </ClInclude>
    <ClInclude Include="targetver.h">
      <Filter>头文件</Filter>
    </ClInclude>
    <ClInclude Include="Resource.h">
      <Filter>头文件</Filter>
    </ClInclude>
    <ClInclude Include="QTB.h">
      <Filter>头文件</Filter>
    </ClInclude>
    <ClInclude Include="base\Bush.h">
      <Filter>base</Filter>
    </ClInclude>
    <ClInclude Include="base\Land.h">
      <Filter>base</Filter>
    </ClInclude>
    <ClInclude Include="base\QTree.h">
      <Filter>base</Filter>
    </ClInclude>
    <ClInclude Include="base\Zone.h">
      <Filter>base</Filter>
    </ClInclude>
    <ClInclude Include="base\Area.h">
      <Filter>base</Filter>
    </ClInclude>
    <ClInclude Include="base\BushGroup.h">
      <Filter>base</Filter>
    </ClInclude>
    <ClInclude Include="editor\DrawData.h">
      <Filter>editor</Filter>
    </ClInclude>
    <ClInclude Include="editor\PerfTool.h">
      <Filter>editor</Filter>
    </ClInclude>
  </ItemGroup>
  <ItemGroup>
    <ClCompile Include="QTB.cpp">
      <Filter>源文件</Filter>
    </ClCompile>
    <ClCompile Include="base\Land.cpp">
      <Filter>base</Filter>
    </ClCompile>
    <ClCompile Include="base\Zone.cpp">
      <Filter>base</Filter>
    </ClCompile>
    <ClCompile Include="base\BushGroup.cpp">
      <Filter>base</Filter>
    </ClCompile>
    <ClCompile Include="base\Bush.cpp">
      <Filter>base</Filter>
    </ClCompile>
  </ItemGroup>
  <ItemGroup>
    <ResourceCompile Include="QTB.rc">
      <Filter>资源文件</Filter>
    </ResourceCompile>
  </ItemGroup>
  <ItemGroup>
    <Image Include="small.ico">
      <Filter>资源文件</Filter>
    </Image>
    <Image Include="QTB.ico">
      <Filter>资源文件</Filter>
    </Image>
  </ItemGroup>
</Project>